lockfileVersion: 5.3

specifiers:
  '@types/node': ^17.0.31
  '@types/wav': ^1.0.1
  '@types/wav-encoder': ^1.3.0
  typescript: ^4.6.4
  wav-decoder: ^1.3.0
  wav-encoder: ^1.3.0

dependencies:
  wav-decoder: 1.3.0
  wav-encoder: 1.3.0

devDependencies:
  '@types/node': 17.0.31
  '@types/wav': 1.0.1
  '@types/wav-encoder': 1.3.0
  typescript: 4.6.4

packages:

  /@types/node/17.0.31:
    resolution: {integrity: sha512-AR0x5HbXGqkEx9CadRH3EBYx/VkiUgZIhP4wvPn/+5KIsgpNoyFaRlVe0Zlx9gRtg8fA06a9tskE2MSN7TcG4Q==}
    dev: true

  /@types/wav-encoder/1.3.0:
    resolution: {integrity: sha512-tetkhE1Kmd7qlq3mfp+/5hjx2sK5KWB34aIQPT296Bh1oshsq4ezvq03thO1FoY3XJJgDwmaW59nM08FfhVZMQ==}
    dev: true

  /@types/wav/1.0.1:
    resolution: {integrity: sha512-AKJeM5mqO1pdR2/HaTUQzSCm12No36KUM1larivXUmsLx+4JmMuC2Tv0kCdZzTx66h7IH2Xr92DGc9NQsXxa9Q==}
    dependencies:
      '@types/node': 17.0.31
    dev: true

  /typescript/4.6.4:
    resolution: {integrity: sha512-9ia/jWHIEbo49HfjrLGfKbZSuWo9iTMwXO+Ca3pRsSpbsMbc7/IU8NKdCZVRRBafVPGnoJeFL76ZOAA84I9fEg==}
    engines: {node: '>=4.2.0'}
    hasBin: true
    dev: true

  /wav-decoder/1.3.0:
    resolution: {integrity: sha512-4U6O/JNb1dPO90CO2YMTQ5N2plJcntm39vNMvRq9VZ4Vy5FzS7Lnx95N2QcYUyKYcZfCbhI//W3dSHA8YnOQyQ==}
    dev: false

  /wav-encoder/1.3.0:
    resolution: {integrity: sha512-FXJdEu2qDOI+wbVYZpu21CS1vPEg5NaxNskBr4SaULpOJMrLE6xkH8dECa7PiS+ZoeyvP7GllWUAxPN3AvFSEw==}
    dev: false
